
Microsoft Visual Studio Solution File, Format Version 12.00
# Visual Studio Version 17
VisualStudioVersion = 17.12.35521.163
MinimumVisualStudioVersion = 10.0.40219.1
Project("{2150E333-8FDC-42A3-9474-1A3956D46DE8}") = "src", "src", "{D8F7BC7A-DEF9-4A44-8A2D-BBEAA15485EB}"
EndProject
Project("{2150E333-8FDC-42A3-9474-1A3956D46DE8}") = "test", "test", "{BAC1D06F-F447-4CE0-830E-5FE311AC8776}"
EndProject
Project("{FAE04EC0-301F-11D3-BF4B-00C04F79EFBC}") = "Domain", "src\Domain\Domain.csproj", "{BBA1D1DB-77D5-4FD7-A247-B33FE25EF4F1}"
EndProject
Project("{FAE04EC0-301F-11D3-BF4B-00C04F79EFBC}") = "Application", "src\Application\Application.csproj", "{73DF0837-2F06-4F2B-BF33-8D42A67EEA0C}"
EndProject
Project("{FAE04EC0-301F-11D3-BF4B-00C04F79EFBC}") = "Shared", "src\Shared\Shared.csproj", "{7A1559A4-CF9C-4725-BB25-1A6EDE88B922}"
EndProject
Project("{FAE04EC0-301F-11D3-BF4B-00C04F79EFBC}") = "Infrastructure", "src\Infrastructure\Infrastructure.csproj", "{3CB1C40F-BEE4-4CC0-B46F-C033E8443D51}"
EndProject
Project("{FAE04EC0-301F-11D3-BF4B-00C04F79EFBC}") = "TABP", "src\TABP\TABP.csproj", "{38D50A47-27CB-4401-86DB-80E4C271D6C8}"
EndProject
Project("{FAE04EC0-301F-11D3-BF4B-00C04F79EFBC}") = "Application.Tests", "test\xUnitTABP\Application.Tests.csproj", "{37F473EB-2FDC-4A81-A98D-6DE46B9DAAA0}"
EndProject
Project("{FAE04EC0-301F-11D3-BF4B-00C04F79EFBC}") = "CleanArchitecture.Tests", "test\CleanArchitecture.Tests\CleanArchitecture.Tests.csproj", "{9DF50958-6322-4A4A-B9B9-E6F06D7B1F8E}"
EndProject
Project("{FAE04EC0-301F-11D3-BF4B-00C04F79EFBC}") = "EndpointAPI.Tests", "test\EndpointAPI.Tests\EndpointAPI.Tests.csproj", "{87BE5C05-0FE4-4D80-B8DA-31684EBE05B5}"
EndProject
Global
	GlobalSection(SolutionConfigurationPlatforms) = preSolution
		Debug|Any CPU = Debug|Any CPU
		Release|Any CPU = Release|Any CPU
	EndGlobalSection
	GlobalSection(ProjectConfigurationPlatforms) = postSolution
		{BBA1D1DB-77D5-4FD7-A247-B33FE25EF4F1}.Debug|Any CPU.ActiveCfg = Debug|Any CPU
		{BBA1D1DB-77D5-4FD7-A247-B33FE25EF4F1}.Debug|Any CPU.Build.0 = Debug|Any CPU
		{BBA1D1DB-77D5-4FD7-A247-B33FE25EF4F1}.Release|Any CPU.ActiveCfg = Release|Any CPU
		{BBA1D1DB-77D5-4FD7-A247-B33FE25EF4F1}.Release|Any CPU.Build.0 = Release|Any CPU
		{73DF0837-2F06-4F2B-BF33-8D42A67EEA0C}.Debug|Any CPU.ActiveCfg = Debug|Any CPU
		{73DF0837-2F06-4F2B-BF33-8D42A67EEA0C}.Debug|Any CPU.Build.0 = Debug|Any CPU
		{73DF0837-2F06-4F2B-BF33-8D42A67EEA0C}.Release|Any CPU.ActiveCfg = Release|Any CPU
		{73DF0837-2F06-4F2B-BF33-8D42A67EEA0C}.Release|Any CPU.Build.0 = Release|Any CPU
		{7A1559A4-CF9C-4725-BB25-1A6EDE88B922}.Debug|Any CPU.ActiveCfg = Debug|Any CPU
		{7A1559A4-CF9C-4725-BB25-1A6EDE88B922}.Debug|Any CPU.Build.0 = Debug|Any CPU
		{7A1559A4-CF9C-4725-BB25-1A6EDE88B922}.Release|Any CPU.ActiveCfg = Release|Any CPU
		{7A1559A4-CF9C-4725-BB25-1A6EDE88B922}.Release|Any CPU.Build.0 = Release|Any CPU
		{3CB1C40F-BEE4-4CC0-B46F-C033E8443D51}.Debug|Any CPU.ActiveCfg = Debug|Any CPU
		{3CB1C40F-BEE4-4CC0-B46F-C033E8443D51}.Debug|Any CPU.Build.0 = Debug|Any CPU
		{3CB1C40F-BEE4-4CC0-B46F-C033E8443D51}.Release|Any CPU.ActiveCfg = Release|Any CPU
		{3CB1C40F-BEE4-4CC0-B46F-C033E8443D51}.Release|Any CPU.Build.0 = Release|Any CPU
		{38D50A47-27CB-4401-86DB-80E4C271D6C8}.Debug|Any CPU.ActiveCfg = Debug|Any CPU
		{38D50A47-27CB-4401-86DB-80E4C271D6C8}.Debug|Any CPU.Build.0 = Debug|Any CPU
		{38D50A47-27CB-4401-86DB-80E4C271D6C8}.Release|Any CPU.ActiveCfg = Release|Any CPU
		{38D50A47-27CB-4401-86DB-80E4C271D6C8}.Release|Any CPU.Build.0 = Release|Any CPU
		{37F473EB-2FDC-4A81-A98D-6DE46B9DAAA0}.Debug|Any CPU.ActiveCfg = Debug|Any CPU
		{37F473EB-2FDC-4A81-A98D-6DE46B9DAAA0}.Debug|Any CPU.Build.0 = Debug|Any CPU
		{37F473EB-2FDC-4A81-A98D-6DE46B9DAAA0}.Release|Any CPU.ActiveCfg = Release|Any CPU
		{37F473EB-2FDC-4A81-A98D-6DE46B9DAAA0}.Release|Any CPU.Build.0 = Release|Any CPU
		{9DF50958-6322-4A4A-B9B9-E6F06D7B1F8E}.Debug|Any CPU.ActiveCfg = Debug|Any CPU
		{9DF50958-6322-4A4A-B9B9-E6F06D7B1F8E}.Debug|Any CPU.Build.0 = Debug|Any CPU
		{9DF50958-6322-4A4A-B9B9-E6F06D7B1F8E}.Release|Any CPU.ActiveCfg = Release|Any CPU
		{9DF50958-6322-4A4A-B9B9-E6F06D7B1F8E}.Release|Any CPU.Build.0 = Release|Any CPU
		{87BE5C05-0FE4-4D80-B8DA-31684EBE05B5}.Debug|Any CPU.ActiveCfg = Debug|Any CPU
		{87BE5C05-0FE4-4D80-B8DA-31684EBE05B5}.Debug|Any CPU.Build.0 = Debug|Any CPU
		{87BE5C05-0FE4-4D80-B8DA-31684EBE05B5}.Release|Any CPU.ActiveCfg = Release|Any CPU
		{87BE5C05-0FE4-4D80-B8DA-31684EBE05B5}.Release|Any CPU.Build.0 = Release|Any CPU
	EndGlobalSection
	GlobalSection(SolutionProperties) = preSolution
		HideSolutionNode = FALSE
	EndGlobalSection
	GlobalSection(NestedProjects) = preSolution
		{BBA1D1DB-77D5-4FD7-A247-B33FE25EF4F1} = {D8F7BC7A-DEF9-4A44-8A2D-BBEAA15485EB}
		{73DF0837-2F06-4F2B-BF33-8D42A67EEA0C} = {D8F7BC7A-DEF9-4A44-8A2D-BBEAA15485EB}
		{7A1559A4-CF9C-4725-BB25-1A6EDE88B922} = {D8F7BC7A-DEF9-4A44-8A2D-BBEAA15485EB}
		{3CB1C40F-BEE4-4CC0-B46F-C033E8443D51} = {D8F7BC7A-DEF9-4A44-8A2D-BBEAA15485EB}
		{38D50A47-27CB-4401-86DB-80E4C271D6C8} = {D8F7BC7A-DEF9-4A44-8A2D-BBEAA15485EB}
		{37F473EB-2FDC-4A81-A98D-6DE46B9DAAA0} = {BAC1D06F-F447-4CE0-830E-5FE311AC8776}
		{9DF50958-6322-4A4A-B9B9-E6F06D7B1F8E} = {BAC1D06F-F447-4CE0-830E-5FE311AC8776}
		{87BE5C05-0FE4-4D80-B8DA-31684EBE05B5} = {BAC1D06F-F447-4CE0-830E-5FE311AC8776}
	EndGlobalSection
EndGlobal
